
Microsoft Visual Studio Solution File, Format Version 12.00
# Visual Studio 14
VisualStudioVersion = 14.0.25420.1
MinimumVisualStudioVersion = 10.0.40219.1
Project("{FAE04EC0-301F-11D3-BF4B-00C04F79EFBC}") = "NinjaDomain.Classes", "NinjaDomain.Classes\NinjaDomain.Classes.csproj", "{F6CD1B04-2C6B-466F-A5CE-7FC642619DD0}"
EndProject
Project("{FAE04EC0-301F-11D3-BF4B-00C04F79EFBC}") = "NinjaDomain.DataModel", "NinjaDomain.DataModel\NinjaDomain.DataModel.csproj", "{5BDBBFCE-3302-41A9-B0CA-75725C200D60}"
EndProject
Global
	GlobalSection(SolutionConfigurationPlatforms) = preSolution
		Debug|Any CPU = Debug|Any CPU
		Release|Any CPU = Release|Any CPU
	EndGlobalSection
	GlobalSection(ProjectConfigurationPlatforms) = postSolution
		{F6CD1B04-2C6B-466F-A5CE-7FC642619DD0}.Debug|Any CPU.ActiveCfg = Debug|Any CPU
		{F6CD1B04-2C6B-466F-A5CE-7FC642619DD0}.Debug|Any CPU.Build.0 = Debug|Any CPU
		{F6CD1B04-2C6B-466F-A5CE-7FC642619DD0}.Release|Any CPU.ActiveCfg = Release|Any CPU
		{F6CD1B04-2C6B-466F-A5CE-7FC642619DD0}.Release|Any CPU.Build.0 = Release|Any CPU
		{5BDBBFCE-3302-41A9-B0CA-75725C200D60}.Debug|Any CPU.ActiveCfg = Debug|Any CPU
		{5BDBBFCE-3302-41A9-B0CA-75725C200D60}.Debug|Any CPU.Build.0 = Debug|Any CPU
		{5BDBBFCE-3302-41A9-B0CA-75725C200D60}.Release|Any CPU.ActiveCfg = Release|Any CPU
		{5BDBBFCE-3302-41A9-B0CA-75725C200D60}.Release|Any CPU.Build.0 = Release|Any CPU
	EndGlobalSection
	GlobalSection(SolutionProperties) = preSolution
		HideSolutionNode = FALSE
	EndGlobalSection
EndGlobal
