
Microsoft Visual Studio Solution File, Format Version 12.00
# Visual Studio 14
VisualStudioVersion = 14.0.25420.1
MinimumVisualStudioVersion = 10.0.40219.1
Project("{2150E333-8FDC-42A3-9474-1A3956D46DE8}") = "src", "src", "{B182254D-BD02-4912-AE02-23674816906E}"
EndProject
Project("{2150E333-8FDC-42A3-9474-1A3956D46DE8}") = "Solution Items", "Solution Items", "{FCDF980D-0DBD-4B2C-B3AB-DC4F721FBF98}"
	ProjectSection(SolutionItems) = preProject
		global.json = global.json
	EndProjectSection
EndProject
Project("{8BB2217D-0F2D-49D1-97BC-3654ED321F3B}") = "OdeToFood", "src\OdeToFood\OdeToFood.xproj", "{516AB014-46A1-4D25-A134-7F046FE832E6}"
EndProject
Global
	GlobalSection(SolutionConfigurationPlatforms) = preSolution
		Debug|Any CPU = Debug|Any CPU
		Release|Any CPU = Release|Any CPU
	EndGlobalSection
	GlobalSection(ProjectConfigurationPlatforms) = postSolution
		{516AB014-46A1-4D25-A134-7F046FE832E6}.Debug|Any CPU.ActiveCfg = Debug|Any CPU
		{516AB014-46A1-4D25-A134-7F046FE832E6}.Debug|Any CPU.Build.0 = Debug|Any CPU
		{516AB014-46A1-4D25-A134-7F046FE832E6}.Release|Any CPU.ActiveCfg = Release|Any CPU
		{516AB014-46A1-4D25-A134-7F046FE832E6}.Release|Any CPU.Build.0 = Release|Any CPU
	EndGlobalSection
	GlobalSection(SolutionProperties) = preSolution
		HideSolutionNode = FALSE
	EndGlobalSection
	GlobalSection(NestedProjects) = preSolution
		{516AB014-46A1-4D25-A134-7F046FE832E6} = {B182254D-BD02-4912-AE02-23674816906E}
	EndGlobalSection
EndGlobal
